
Microsoft Visual Studio Solution File, Format Version 12.00
# Visual Studio 15
VisualStudioVersion = 15.0.28010.2046
MinimumVisualStudioVersion = 10.0.40219.1
Project("{8BC9CEB8-8B4A-11D0-8D11-00A0C91BC942}") = "Animation", "Animation\Animation.vcxproj", "{0523781C-92D1-4C5A-975D-89601FABAAF9}"
EndProject
Project("{8BC9CEB8-8B4A-11D0-8D11-00A0C91BC942}") = "EntornoP1", "..\EntornoP1\EntornoP1\EntornoP1.vcxproj", "{D545B433-9670-466F-8E83-C40AD24CDE1E}"
EndProject
Project("{8BC9CEB8-8B4A-11D0-8D11-00A0C91BC942}") = "GeometriaP2", "..\GeometriaP2\GeometriaP2\GeometriaP2.vcxproj", "{E76AE833-AF7E-42DF-9E43-02C0881E044B}"
EndProject
Project("{8BC9CEB8-8B4A-11D0-8D11-00A0C91BC942}") = "Reloj3D", "..\Project1\Project1\Project1.vcxproj", "{1C616C8B-1D61-4E06-B223-EBE75AD5CC3D}"
EndProject
Project("{8BC9CEB8-8B4A-11D0-8D11-00A0C91BC942}") = "Clock", "..\Clock\Clock.vcxproj", "{3461C0AF-448D-4ADB-BB32-251E5B2EFEF5}"
EndProject
Project("{8BC9CEB8-8B4A-11D0-8D11-00A0C91BC942}") = "Interaccìon", "Interaccìon\Interaccìon.vcxproj", "{3E4D81BE-CA61-465B-856C-8469B511FC35}"
EndProject
Project("{8BC9CEB8-8B4A-11D0-8D11-00A0C91BC942}") = "Iluminacìon", "Iluminacìon\Iluminacìon.vcxproj", "{18757A01-F8CC-42C3-AC88-34E688A4B2B1}"
EndProject
Project("{8BC9CEB8-8B4A-11D0-8D11-00A0C91BC942}") = "Drive", "Drive\Drive.vcxproj", "{B1203162-AA1F-44A7-94A2-29A140FFCEE6}"
EndProject
Global
	GlobalSection(SolutionConfigurationPlatforms) = preSolution
		Debug|x64 = Debug|x64
		Debug|x86 = Debug|x86
		Release|x64 = Release|x64
		Release|x86 = Release|x86
	EndGlobalSection
	GlobalSection(ProjectConfigurationPlatforms) = postSolution
		{0523781C-92D1-4C5A-975D-89601FABAAF9}.Debug|x64.ActiveCfg = Debug|x64
		{0523781C-92D1-4C5A-975D-89601FABAAF9}.Debug|x64.Build.0 = Debug|x64
		{0523781C-92D1-4C5A-975D-89601FABAAF9}.Debug|x86.ActiveCfg = Debug|Win32
		{0523781C-92D1-4C5A-975D-89601FABAAF9}.Debug|x86.Build.0 = Debug|Win32
		{0523781C-92D1-4C5A-975D-89601FABAAF9}.Release|x64.ActiveCfg = Release|x64
		{0523781C-92D1-4C5A-975D-89601FABAAF9}.Release|x64.Build.0 = Release|x64
		{0523781C-92D1-4C5A-975D-89601FABAAF9}.Release|x86.ActiveCfg = Release|Win32
		{0523781C-92D1-4C5A-975D-89601FABAAF9}.Release|x86.Build.0 = Release|Win32
		{D545B433-9670-466F-8E83-C40AD24CDE1E}.Debug|x64.ActiveCfg = Debug|x64
		{D545B433-9670-466F-8E83-C40AD24CDE1E}.Debug|x64.Build.0 = Debug|x64
		{D545B433-9670-466F-8E83-C40AD24CDE1E}.Debug|x86.ActiveCfg = Debug|Win32
		{D545B433-9670-466F-8E83-C40AD24CDE1E}.Debug|x86.Build.0 = Debug|Win32
		{D545B433-9670-466F-8E83-C40AD24CDE1E}.Release|x64.ActiveCfg = Release|x64
		{D545B433-9670-466F-8E83-C40AD24CDE1E}.Release|x64.Build.0 = Release|x64
		{D545B433-9670-466F-8E83-C40AD24CDE1E}.Release|x86.ActiveCfg = Release|Win32
		{D545B433-9670-466F-8E83-C40AD24CDE1E}.Release|x86.Build.0 = Release|Win32
		{E76AE833-AF7E-42DF-9E43-02C0881E044B}.Debug|x64.ActiveCfg = Debug|x64
		{E76AE833-AF7E-42DF-9E43-02C0881E044B}.Debug|x64.Build.0 = Debug|x64
		{E76AE833-AF7E-42DF-9E43-02C0881E044B}.Debug|x86.ActiveCfg = Debug|Win32
		{E76AE833-AF7E-42DF-9E43-02C0881E044B}.Debug|x86.Build.0 = Debug|Win32
		{E76AE833-AF7E-42DF-9E43-02C0881E044B}.Release|x64.ActiveCfg = Release|x64
		{E76AE833-AF7E-42DF-9E43-02C0881E044B}.Release|x64.Build.0 = Release|x64
		{E76AE833-AF7E-42DF-9E43-02C0881E044B}.Release|x86.ActiveCfg = Release|Win32
		{E76AE833-AF7E-42DF-9E43-02C0881E044B}.Release|x86.Build.0 = Release|Win32
		{1C616C8B-1D61-4E06-B223-EBE75AD5CC3D}.Debug|x64.ActiveCfg = Debug|x64
		{1C616C8B-1D61-4E06-B223-EBE75AD5CC3D}.Debug|x64.Build.0 = Debug|x64
		{1C616C8B-1D61-4E06-B223-EBE75AD5CC3D}.Debug|x86.ActiveCfg = Debug|Win32
		{1C616C8B-1D61-4E06-B223-EBE75AD5CC3D}.Debug|x86.Build.0 = Debug|Win32
		{1C616C8B-1D61-4E06-B223-EBE75AD5CC3D}.Release|x64.ActiveCfg = Release|x64
		{1C616C8B-1D61-4E06-B223-EBE75AD5CC3D}.Release|x64.Build.0 = Release|x64
		{1C616C8B-1D61-4E06-B223-EBE75AD5CC3D}.Release|x86.ActiveCfg = Release|Win32
		{1C616C8B-1D61-4E06-B223-EBE75AD5CC3D}.Release|x86.Build.0 = Release|Win32
		{3461C0AF-448D-4ADB-BB32-251E5B2EFEF5}.Debug|x64.ActiveCfg = Debug|x64
		{3461C0AF-448D-4ADB-BB32-251E5B2EFEF5}.Debug|x64.Build.0 = Debug|x64
		{3461C0AF-448D-4ADB-BB32-251E5B2EFEF5}.Debug|x86.ActiveCfg = Debug|Win32
		{3461C0AF-448D-4ADB-BB32-251E5B2EFEF5}.Debug|x86.Build.0 = Debug|Win32
		{3461C0AF-448D-4ADB-BB32-251E5B2EFEF5}.Release|x64.ActiveCfg = Release|x64
		{3461C0AF-448D-4ADB-BB32-251E5B2EFEF5}.Release|x64.Build.0 = Release|x64
		{3461C0AF-448D-4ADB-BB32-251E5B2EFEF5}.Release|x86.ActiveCfg = Release|Win32
		{3461C0AF-448D-4ADB-BB32-251E5B2EFEF5}.Release|x86.Build.0 = Release|Win32
		{3E4D81BE-CA61-465B-856C-8469B511FC35}.Debug|x64.ActiveCfg = Debug|x64
		{3E4D81BE-CA61-465B-856C-8469B511FC35}.Debug|x64.Build.0 = Debug|x64
		{3E4D81BE-CA61-465B-856C-8469B511FC35}.Debug|x86.ActiveCfg = Debug|Win32
		{3E4D81BE-CA61-465B-856C-8469B511FC35}.Debug|x86.Build.0 = Debug|Win32
		{3E4D81BE-CA61-465B-856C-8469B511FC35}.Release|x64.ActiveCfg = Release|x64
		{3E4D81BE-CA61-465B-856C-8469B511FC35}.Release|x64.Build.0 = Release|x64
		{3E4D81BE-CA61-465B-856C-8469B511FC35}.Release|x86.ActiveCfg = Release|Win32
		{3E4D81BE-CA61-465B-856C-8469B511FC35}.Release|x86.Build.0 = Release|Win32
		{18757A01-F8CC-42C3-AC88-34E688A4B2B1}.Debug|x64.ActiveCfg = Debug|x64
		{18757A01-F8CC-42C3-AC88-34E688A4B2B1}.Debug|x64.Build.0 = Debug|x64
		{18757A01-F8CC-42C3-AC88-34E688A4B2B1}.Debug|x86.ActiveCfg = Debug|Win32
		{18757A01-F8CC-42C3-AC88-34E688A4B2B1}.Debug|x86.Build.0 = Debug|Win32
		{18757A01-F8CC-42C3-AC88-34E688A4B2B1}.Release|x64.ActiveCfg = Release|x64
		{18757A01-F8CC-42C3-AC88-34E688A4B2B1}.Release|x64.Build.0 = Release|x64
		{18757A01-F8CC-42C3-AC88-34E688A4B2B1}.Release|x86.ActiveCfg = Release|Win32
		{18757A01-F8CC-42C3-AC88-34E688A4B2B1}.Release|x86.Build.0 = Release|Win32
		{B1203162-AA1F-44A7-94A2-29A140FFCEE6}.Debug|x64.ActiveCfg = Debug|x64
		{B1203162-AA1F-44A7-94A2-29A140FFCEE6}.Debug|x64.Build.0 = Debug|x64
		{B1203162-AA1F-44A7-94A2-29A140FFCEE6}.Debug|x86.ActiveCfg = Debug|Win32
		{B1203162-AA1F-44A7-94A2-29A140FFCEE6}.Debug|x86.Build.0 = Debug|Win32
		{B1203162-AA1F-44A7-94A2-29A140FFCEE6}.Release|x64.ActiveCfg = Release|x64
		{B1203162-AA1F-44A7-94A2-29A140FFCEE6}.Release|x64.Build.0 = Release|x64
		{B1203162-AA1F-44A7-94A2-29A140FFCEE6}.Release|x86.ActiveCfg = Release|Win32
		{B1203162-AA1F-44A7-94A2-29A140FFCEE6}.Release|x86.Build.0 = Release|Win32
	EndGlobalSection
	GlobalSection(SolutionProperties) = preSolution
		HideSolutionNode = FALSE
	EndGlobalSection
	GlobalSection(ExtensibilityGlobals) = postSolution
		SolutionGuid = {927D80F8-68E4-4CAD-A3D2-EFF6DC6F4B33}
	EndGlobalSection
EndGlobal
